
Microsoft Visual Studio Solution File, Format Version 11.00
# Visual Studio 2010
Project("{FAE04EC0-301F-11D3-BF4B-00C04F79EFBC}") = "V11.Ezgame", "Assembly-CSharp.csproj", "{68C8963D-6489-9E3E-E5D7-8A37D3D3625B}"
EndProject
Global
	GlobalSection(SolutionConfigurationPlatforms) = preSolution
		Debug|Any CPU = Debug|Any CPU
		Release|Any CPU = Release|Any CPU
	EndGlobalSection
	GlobalSection(ProjectConfigurationPlatforms) = postSolution
		{68C8963D-6489-9E3E-E5D7-8A37D3D3625B}.Debug|Any CPU.ActiveCfg = Debug|Any CPU
		{68C8963D-6489-9E3E-E5D7-8A37D3D3625B}.Debug|Any CPU.Build.0 = Debug|Any CPU
		{68C8963D-6489-9E3E-E5D7-8A37D3D3625B}.Release|Any CPU.ActiveCfg = Release|Any CPU
		{68C8963D-6489-9E3E-E5D7-8A37D3D3625B}.Release|Any CPU.Build.0 = Release|Any CPU
	EndGlobalSection
	GlobalSection(SolutionProperties) = preSolution
		HideSolutionNode = FALSE
	EndGlobalSection
	GlobalSection(MonoDevelopProperties) = preSolution
		StartupItem = Assembly-CSharp.csproj
	EndGlobalSection
EndGlobal
